
Microsoft Visual Studio Solution File, Format Version 12.00
# Visual Studio 2012
Project("{FAE04EC0-301F-11D3-BF4B-00C04F79EFBC}") = "HW_arrays_task1", "ConsoleApplication5\HW_arrays_task1.csproj", "{82332195-C5CC-4A4D-8387-23A62577E73B}"
EndProject
Project("{FAE04EC0-301F-11D3-BF4B-00C04F79EFBC}") = "HW_arrays_task2", "ConsoleApplication1\HW_arrays_task2.csproj", "{4E96A8D0-2395-4329-B3F3-BD2844055E06}"
EndProject
Project("{FAE04EC0-301F-11D3-BF4B-00C04F79EFBC}") = "HW_arrays_task1_test", "HW_arrays_task1_test\HW_arrays_task1_test.csproj", "{0A1DBCE5-CD6C-44E5-AD21-016ED1CAC190}"
EndProject
Project("{FAE04EC0-301F-11D3-BF4B-00C04F79EFBC}") = "HW_arrays_task2_test", "HW_arrays_task2_test\HW_arrays_task2_test.csproj", "{95873D9E-8B44-4C75-8CAA-FE408235EDB7}"
EndProject
Project("{FAE04EC0-301F-11D3-BF4B-00C04F79EFBC}") = "HW_methods", "HW_methods\HW_methods.csproj", "{723471ED-0592-4A29-B897-FA69517C96BE}"
EndProject
Project("{FAE04EC0-301F-11D3-BF4B-00C04F79EFBC}") = "HW_loops", "HW_loops\HW_loops.csproj", "{DF7CBF97-74AE-44EC-B768-D13B596C1A48}"
EndProject
Project("{FAE04EC0-301F-11D3-BF4B-00C04F79EFBC}") = "HW_logic", "HW_logic\HW_logic.csproj", "{6CC1DD63-74C3-4C4A-81AE-171111B80104}"
EndProject
Project("{FAE04EC0-301F-11D3-BF4B-00C04F79EFBC}") = "HW_logic_test", "HW_logic_test\HW_logic_test.csproj", "{C8ABDD64-0208-4A44-94B5-E8AE288CAABB}"
EndProject
Project("{FAE04EC0-301F-11D3-BF4B-00C04F79EFBC}") = "HW_loops_test", "HW_loops_test\HW_loops_test.csproj", "{8AEF9A84-AC90-4122-BF4C-31590CA70986}"
EndProject
Project("{FAE04EC0-301F-11D3-BF4B-00C04F79EFBC}") = "HW_methods_test", "HW_methods_test\HW_methods_test.csproj", "{9B211396-947F-4E32-8697-8CC3D5AA27EB}"
EndProject
Global
	GlobalSection(SolutionConfigurationPlatforms) = preSolution
		Debug|Any CPU = Debug|Any CPU
		Release|Any CPU = Release|Any CPU
	EndGlobalSection
	GlobalSection(ProjectConfigurationPlatforms) = postSolution
		{82332195-C5CC-4A4D-8387-23A62577E73B}.Debug|Any CPU.ActiveCfg = Debug|Any CPU
		{82332195-C5CC-4A4D-8387-23A62577E73B}.Debug|Any CPU.Build.0 = Debug|Any CPU
		{82332195-C5CC-4A4D-8387-23A62577E73B}.Release|Any CPU.ActiveCfg = Release|Any CPU
		{82332195-C5CC-4A4D-8387-23A62577E73B}.Release|Any CPU.Build.0 = Release|Any CPU
		{4E96A8D0-2395-4329-B3F3-BD2844055E06}.Debug|Any CPU.ActiveCfg = Debug|Any CPU
		{4E96A8D0-2395-4329-B3F3-BD2844055E06}.Debug|Any CPU.Build.0 = Debug|Any CPU
		{4E96A8D0-2395-4329-B3F3-BD2844055E06}.Release|Any CPU.ActiveCfg = Release|Any CPU
		{4E96A8D0-2395-4329-B3F3-BD2844055E06}.Release|Any CPU.Build.0 = Release|Any CPU
		{0A1DBCE5-CD6C-44E5-AD21-016ED1CAC190}.Debug|Any CPU.ActiveCfg = Debug|Any CPU
		{0A1DBCE5-CD6C-44E5-AD21-016ED1CAC190}.Debug|Any CPU.Build.0 = Debug|Any CPU
		{0A1DBCE5-CD6C-44E5-AD21-016ED1CAC190}.Release|Any CPU.ActiveCfg = Release|Any CPU
		{0A1DBCE5-CD6C-44E5-AD21-016ED1CAC190}.Release|Any CPU.Build.0 = Release|Any CPU
		{95873D9E-8B44-4C75-8CAA-FE408235EDB7}.Debug|Any CPU.ActiveCfg = Debug|Any CPU
		{95873D9E-8B44-4C75-8CAA-FE408235EDB7}.Debug|Any CPU.Build.0 = Debug|Any CPU
		{95873D9E-8B44-4C75-8CAA-FE408235EDB7}.Release|Any CPU.ActiveCfg = Release|Any CPU
		{95873D9E-8B44-4C75-8CAA-FE408235EDB7}.Release|Any CPU.Build.0 = Release|Any CPU
		{723471ED-0592-4A29-B897-FA69517C96BE}.Debug|Any CPU.ActiveCfg = Debug|Any CPU
		{723471ED-0592-4A29-B897-FA69517C96BE}.Debug|Any CPU.Build.0 = Debug|Any CPU
		{723471ED-0592-4A29-B897-FA69517C96BE}.Release|Any CPU.ActiveCfg = Release|Any CPU
		{723471ED-0592-4A29-B897-FA69517C96BE}.Release|Any CPU.Build.0 = Release|Any CPU
		{DF7CBF97-74AE-44EC-B768-D13B596C1A48}.Debug|Any CPU.ActiveCfg = Debug|Any CPU
		{DF7CBF97-74AE-44EC-B768-D13B596C1A48}.Debug|Any CPU.Build.0 = Debug|Any CPU
		{DF7CBF97-74AE-44EC-B768-D13B596C1A48}.Release|Any CPU.ActiveCfg = Release|Any CPU
		{DF7CBF97-74AE-44EC-B768-D13B596C1A48}.Release|Any CPU.Build.0 = Release|Any CPU
		{6CC1DD63-74C3-4C4A-81AE-171111B80104}.Debug|Any CPU.ActiveCfg = Debug|Any CPU
		{6CC1DD63-74C3-4C4A-81AE-171111B80104}.Debug|Any CPU.Build.0 = Debug|Any CPU
		{6CC1DD63-74C3-4C4A-81AE-171111B80104}.Release|Any CPU.ActiveCfg = Release|Any CPU
		{6CC1DD63-74C3-4C4A-81AE-171111B80104}.Release|Any CPU.Build.0 = Release|Any CPU
		{C8ABDD64-0208-4A44-94B5-E8AE288CAABB}.Debug|Any CPU.ActiveCfg = Debug|Any CPU
		{C8ABDD64-0208-4A44-94B5-E8AE288CAABB}.Debug|Any CPU.Build.0 = Debug|Any CPU
		{C8ABDD64-0208-4A44-94B5-E8AE288CAABB}.Release|Any CPU.ActiveCfg = Release|Any CPU
		{C8ABDD64-0208-4A44-94B5-E8AE288CAABB}.Release|Any CPU.Build.0 = Release|Any CPU
		{8AEF9A84-AC90-4122-BF4C-31590CA70986}.Debug|Any CPU.ActiveCfg = Debug|Any CPU
		{8AEF9A84-AC90-4122-BF4C-31590CA70986}.Debug|Any CPU.Build.0 = Debug|Any CPU
		{8AEF9A84-AC90-4122-BF4C-31590CA70986}.Release|Any CPU.ActiveCfg = Release|Any CPU
		{8AEF9A84-AC90-4122-BF4C-31590CA70986}.Release|Any CPU.Build.0 = Release|Any CPU
		{9B211396-947F-4E32-8697-8CC3D5AA27EB}.Debug|Any CPU.ActiveCfg = Debug|Any CPU
		{9B211396-947F-4E32-8697-8CC3D5AA27EB}.Debug|Any CPU.Build.0 = Debug|Any CPU
		{9B211396-947F-4E32-8697-8CC3D5AA27EB}.Release|Any CPU.ActiveCfg = Release|Any CPU
		{9B211396-947F-4E32-8697-8CC3D5AA27EB}.Release|Any CPU.Build.0 = Release|Any CPU
	EndGlobalSection
	GlobalSection(SolutionProperties) = preSolution
		HideSolutionNode = FALSE
	EndGlobalSection
EndGlobal
